{
  "requires": true,
  "lockfileVersion": 1,
  "dependencies": {
    "dateformat": {
      "version": "5.0.3",
      "resolved": "https://registry.npmjs.org/dateformat/-/dateformat-5.0.3.tgz",
      "integrity": "sha512-Kvr6HmPXUMerlLcLF+Pwq3K7apHpYmGDVqrxcDasBg86UcKeTSNWbEzU8bwdXnxnR44FtMhJAxI4Bov6Y/KUfA=="
    },
    "unimodules-font-interface": {
      "version": "6.1.0",
      "resolved": "https://registry.npmjs.org/unimodules-font-interface/-/unimodules-font-interface-6.1.0.tgz",
      "integrity": "sha512-OfSeWx9ew2SNENj/HhctfPU7hqeW0bzVZYGGJ0M6RNcRRWzwA6ltawyYwtuvRe/EEU3LwrFUSKPMCi9867hLyw=="
    }
  }
}
